
Microsoft Visual Studio Solution File, Format Version 12.00
# Visual Studio 15
VisualStudioVersion = 15.0.27130.2020
MinimumVisualStudioVersion = 10.0.40219.1
Project("{2150E333-8FDC-42A3-9474-1A3956D46DE8}") = "Plugins", "Plugins", "{7549F166-E725-418F-A2FF-BCFC928CD6E8}"
EndProject
Project("{2150E333-8FDC-42A3-9474-1A3956D46DE8}") = "Solution Items", "Solution Items", "{914A6AB3-2C53-4186-A08C-B4CE3A758E21}"
EndProject
Project("{9A19103F-16F7-4668-BE54-9A1E7A4F7556}") = "oMediaCenter.Web", "oMediaCenter.Web\oMediaCenter.Web.csproj", "{138E85AE-064A-4CD5-9791-9D5ACB82BB49}"
EndProject
Project("{9A19103F-16F7-4668-BE54-9A1E7A4F7556}") = "oMediaCenter.Interfaces", "oMediaCenter.Interfaces\oMediaCenter.Interfaces.csproj", "{8FDC6A08-0BD1-42B6-9C33-AAC8D1F292B5}"
EndProject
Project("{9A19103F-16F7-4668-BE54-9A1E7A4F7556}") = "oMediaCenter.UTorrentPlugin", "oMediaCenter.UTorrentPlugin\oMediaCenter.UTorrentPlugin.csproj", "{FEB4E3C1-91AB-4E9C-A702-997D493630E0}"
EndProject
Project("{9A19103F-16F7-4668-BE54-9A1E7A4F7556}") = "oMediaCenter.DirectoryScanPlugin", "oMediaCenter.DirectoryScanPlugin\oMediaCenter.DirectoryScanPlugin.csproj", "{858BAE31-DFD7-4AE4-BECD-0A9067D748E6}"
EndProject
Project("{9A19103F-16F7-4668-BE54-9A1E7A4F7556}") = "oMediaCenter.Tests", "oMediaCenter.Tests\oMediaCenter.Tests.csproj", "{9A52947E-0567-48FC-994D-E14EC94EFE43}"
EndProject
Project("{FAE04EC0-301F-11D3-BF4B-00C04F79EFBC}") = "oMediaCenter.TransmissionPlugin", "oMediaCenter.TransmissionPlugin\oMediaCenter.TransmissionPlugin.csproj", "{BD8D2B58-2082-412E-8720-C117A5DEA648}"
EndProject
Global
	GlobalSection(SolutionConfigurationPlatforms) = preSolution
		Debug|Any CPU = Debug|Any CPU
		Debug|x64 = Debug|x64
		Debug|x86 = Debug|x86
		Release|Any CPU = Release|Any CPU
		Release|x64 = Release|x64
		Release|x86 = Release|x86
	EndGlobalSection
	GlobalSection(ProjectConfigurationPlatforms) = postSolution
		{138E85AE-064A-4CD5-9791-9D5ACB82BB49}.Debug|Any CPU.ActiveCfg = Debug|Any CPU
		{138E85AE-064A-4CD5-9791-9D5ACB82BB49}.Debug|Any CPU.Build.0 = Debug|Any CPU
		{138E85AE-064A-4CD5-9791-9D5ACB82BB49}.Debug|x64.ActiveCfg = Debug|Any CPU
		{138E85AE-064A-4CD5-9791-9D5ACB82BB49}.Debug|x64.Build.0 = Debug|Any CPU
		{138E85AE-064A-4CD5-9791-9D5ACB82BB49}.Debug|x86.ActiveCfg = Debug|Any CPU
		{138E85AE-064A-4CD5-9791-9D5ACB82BB49}.Debug|x86.Build.0 = Debug|Any CPU
		{138E85AE-064A-4CD5-9791-9D5ACB82BB49}.Release|Any CPU.ActiveCfg = Release|Any CPU
		{138E85AE-064A-4CD5-9791-9D5ACB82BB49}.Release|Any CPU.Build.0 = Release|Any CPU
		{138E85AE-064A-4CD5-9791-9D5ACB82BB49}.Release|x64.ActiveCfg = Release|Any CPU
		{138E85AE-064A-4CD5-9791-9D5ACB82BB49}.Release|x64.Build.0 = Release|Any CPU
		{138E85AE-064A-4CD5-9791-9D5ACB82BB49}.Release|x86.ActiveCfg = Release|Any CPU
		{138E85AE-064A-4CD5-9791-9D5ACB82BB49}.Release|x86.Build.0 = Release|Any CPU
		{8FDC6A08-0BD1-42B6-9C33-AAC8D1F292B5}.Debug|Any CPU.ActiveCfg = Debug|Any CPU
		{8FDC6A08-0BD1-42B6-9C33-AAC8D1F292B5}.Debug|Any CPU.Build.0 = Debug|Any CPU
		{8FDC6A08-0BD1-42B6-9C33-AAC8D1F292B5}.Debug|x64.ActiveCfg = Debug|Any CPU
		{8FDC6A08-0BD1-42B6-9C33-AAC8D1F292B5}.Debug|x64.Build.0 = Debug|Any CPU
		{8FDC6A08-0BD1-42B6-9C33-AAC8D1F292B5}.Debug|x86.ActiveCfg = Debug|Any CPU
		{8FDC6A08-0BD1-42B6-9C33-AAC8D1F292B5}.Debug|x86.Build.0 = Debug|Any CPU
		{8FDC6A08-0BD1-42B6-9C33-AAC8D1F292B5}.Release|Any CPU.ActiveCfg = Release|Any CPU
		{8FDC6A08-0BD1-42B6-9C33-AAC8D1F292B5}.Release|Any CPU.Build.0 = Release|Any CPU
		{8FDC6A08-0BD1-42B6-9C33-AAC8D1F292B5}.Release|x64.ActiveCfg = Release|Any CPU
		{8FDC6A08-0BD1-42B6-9C33-AAC8D1F292B5}.Release|x64.Build.0 = Release|Any CPU
		{8FDC6A08-0BD1-42B6-9C33-AAC8D1F292B5}.Release|x86.ActiveCfg = Release|Any CPU
		{8FDC6A08-0BD1-42B6-9C33-AAC8D1F292B5}.Release|x86.Build.0 = Release|Any CPU
		{FEB4E3C1-91AB-4E9C-A702-997D493630E0}.Debug|Any CPU.ActiveCfg = Debug|Any CPU
		{FEB4E3C1-91AB-4E9C-A702-997D493630E0}.Debug|Any CPU.Build.0 = Debug|Any CPU
		{FEB4E3C1-91AB-4E9C-A702-997D493630E0}.Debug|x64.ActiveCfg = Debug|Any CPU
		{FEB4E3C1-91AB-4E9C-A702-997D493630E0}.Debug|x64.Build.0 = Debug|Any CPU
		{FEB4E3C1-91AB-4E9C-A702-997D493630E0}.Debug|x86.ActiveCfg = Debug|Any CPU
		{FEB4E3C1-91AB-4E9C-A702-997D493630E0}.Debug|x86.Build.0 = Debug|Any CPU
		{FEB4E3C1-91AB-4E9C-A702-997D493630E0}.Release|Any CPU.ActiveCfg = Release|Any CPU
		{FEB4E3C1-91AB-4E9C-A702-997D493630E0}.Release|Any CPU.Build.0 = Release|Any CPU
		{FEB4E3C1-91AB-4E9C-A702-997D493630E0}.Release|x64.ActiveCfg = Release|Any CPU
		{FEB4E3C1-91AB-4E9C-A702-997D493630E0}.Release|x64.Build.0 = Release|Any CPU
		{FEB4E3C1-91AB-4E9C-A702-997D493630E0}.Release|x86.ActiveCfg = Release|Any CPU
		{FEB4E3C1-91AB-4E9C-A702-997D493630E0}.Release|x86.Build.0 = Release|Any CPU
		{858BAE31-DFD7-4AE4-BECD-0A9067D748E6}.Debug|Any CPU.ActiveCfg = Debug|Any CPU
		{858BAE31-DFD7-4AE4-BECD-0A9067D748E6}.Debug|Any CPU.Build.0 = Debug|Any CPU
		{858BAE31-DFD7-4AE4-BECD-0A9067D748E6}.Debug|x64.ActiveCfg = Debug|Any CPU
		{858BAE31-DFD7-4AE4-BECD-0A9067D748E6}.Debug|x64.Build.0 = Debug|Any CPU
		{858BAE31-DFD7-4AE4-BECD-0A9067D748E6}.Debug|x86.ActiveCfg = Debug|Any CPU
		{858BAE31-DFD7-4AE4-BECD-0A9067D748E6}.Debug|x86.Build.0 = Debug|Any CPU
		{858BAE31-DFD7-4AE4-BECD-0A9067D748E6}.Release|Any CPU.ActiveCfg = Release|Any CPU
		{858BAE31-DFD7-4AE4-BECD-0A9067D748E6}.Release|Any CPU.Build.0 = Release|Any CPU
		{858BAE31-DFD7-4AE4-BECD-0A9067D748E6}.Release|x64.ActiveCfg = Release|Any CPU
		{858BAE31-DFD7-4AE4-BECD-0A9067D748E6}.Release|x64.Build.0 = Release|Any CPU
		{858BAE31-DFD7-4AE4-BECD-0A9067D748E6}.Release|x86.ActiveCfg = Release|Any CPU
		{858BAE31-DFD7-4AE4-BECD-0A9067D748E6}.Release|x86.Build.0 = Release|Any CPU
		{9A52947E-0567-48FC-994D-E14EC94EFE43}.Debug|Any CPU.ActiveCfg = Debug|Any CPU
		{9A52947E-0567-48FC-994D-E14EC94EFE43}.Debug|Any CPU.Build.0 = Debug|Any CPU
		{9A52947E-0567-48FC-994D-E14EC94EFE43}.Debug|x64.ActiveCfg = Debug|Any CPU
		{9A52947E-0567-48FC-994D-E14EC94EFE43}.Debug|x64.Build.0 = Debug|Any CPU
		{9A52947E-0567-48FC-994D-E14EC94EFE43}.Debug|x86.ActiveCfg = Debug|Any CPU
		{9A52947E-0567-48FC-994D-E14EC94EFE43}.Debug|x86.Build.0 = Debug|Any CPU
		{9A52947E-0567-48FC-994D-E14EC94EFE43}.Release|Any CPU.ActiveCfg = Release|Any CPU
		{9A52947E-0567-48FC-994D-E14EC94EFE43}.Release|Any CPU.Build.0 = Release|Any CPU
		{9A52947E-0567-48FC-994D-E14EC94EFE43}.Release|x64.ActiveCfg = Release|Any CPU
		{9A52947E-0567-48FC-994D-E14EC94EFE43}.Release|x64.Build.0 = Release|Any CPU
		{9A52947E-0567-48FC-994D-E14EC94EFE43}.Release|x86.ActiveCfg = Release|Any CPU
		{9A52947E-0567-48FC-994D-E14EC94EFE43}.Release|x86.Build.0 = Release|Any CPU
		{BD8D2B58-2082-412E-8720-C117A5DEA648}.Debug|Any CPU.ActiveCfg = Debug|Any CPU
		{BD8D2B58-2082-412E-8720-C117A5DEA648}.Debug|Any CPU.Build.0 = Debug|Any CPU
		{BD8D2B58-2082-412E-8720-C117A5DEA648}.Debug|x64.ActiveCfg = Debug|Any CPU
		{BD8D2B58-2082-412E-8720-C117A5DEA648}.Debug|x64.Build.0 = Debug|Any CPU
		{BD8D2B58-2082-412E-8720-C117A5DEA648}.Debug|x86.ActiveCfg = Debug|Any CPU
		{BD8D2B58-2082-412E-8720-C117A5DEA648}.Debug|x86.Build.0 = Debug|Any CPU
		{BD8D2B58-2082-412E-8720-C117A5DEA648}.Release|Any CPU.ActiveCfg = Release|Any CPU
		{BD8D2B58-2082-412E-8720-C117A5DEA648}.Release|Any CPU.Build.0 = Release|Any CPU
		{BD8D2B58-2082-412E-8720-C117A5DEA648}.Release|x64.ActiveCfg = Release|Any CPU
		{BD8D2B58-2082-412E-8720-C117A5DEA648}.Release|x64.Build.0 = Release|Any CPU
		{BD8D2B58-2082-412E-8720-C117A5DEA648}.Release|x86.ActiveCfg = Release|Any CPU
		{BD8D2B58-2082-412E-8720-C117A5DEA648}.Release|x86.Build.0 = Release|Any CPU
	EndGlobalSection
	GlobalSection(SolutionProperties) = preSolution
		HideSolutionNode = FALSE
	EndGlobalSection
	GlobalSection(NestedProjects) = preSolution
		{FEB4E3C1-91AB-4E9C-A702-997D493630E0} = {7549F166-E725-418F-A2FF-BCFC928CD6E8}
		{858BAE31-DFD7-4AE4-BECD-0A9067D748E6} = {7549F166-E725-418F-A2FF-BCFC928CD6E8}
		{BD8D2B58-2082-412E-8720-C117A5DEA648} = {7549F166-E725-418F-A2FF-BCFC928CD6E8}
	EndGlobalSection
	GlobalSection(ExtensibilityGlobals) = postSolution
		SolutionGuid = {84F67551-C40E-4CD8-81E2-B5423D5496E9}
	EndGlobalSection
EndGlobal
